<?xml version="1.0" encoding="utf-8"?>
<Project ToolsVersion="4.0" xmlns="http://schemas.microsoft.com/developer/msbuild/2003">
  <ItemGroup>
    <Filter Include="소스 파일">
      <UniqueIdentifier>{4FC737F1-C7A5-4376-A066-2A32D752A2FF}</UniqueIdentifier>
      <Extensions>cpp;c;cc;cxx;def;odl;idl;hpj;bat;asm;asmx</Extensions>
    </Filter>
    <Filter Include="헤더 파일">
      <UniqueIdentifier>{93995380-89BD-4b04-88EB-625FBE52EBFB}</UniqueIdentifier>
      <Extensions>h;hh;hpp;hxx;hm;inl;inc;xsd</Extensions>
    </Filter>
    <Filter Include="리소스 파일">
      <UniqueIdentifier>{67DA6AB6-F800-4c08-8B7A-83BB121AAD01}</UniqueIdentifier>
      <Extensions>rc;ico;cur;bmp;dlg;rc2;rct;bin;rgs;gif;jpg;jpeg;jpe;resx;tiff;tif;png;wav;mfcribbon-ms</Extensions>
    </Filter>
    <Filter Include="Core">
      <UniqueIdentifier>{ea9949f7-0df2-4926-bec2-a63f832d0455}</UniqueIdentifier>
    </Filter>
    <Filter Include="Core\Math">
      <UniqueIdentifier>{97449549-dfba-4b03-a36b-a4143947172d}</UniqueIdentifier>
    </Filter>
    <Filter Include="Core\Point">
      <UniqueIdentifier>{5f9c19be-98c8-4091-b68f-350ad51d8166}</UniqueIdentifier>
    </Filter>
    <Filter Include="Core\Rect">
      <UniqueIdentifier>{41529e7a-ba27-4e9d-968a-7a90a5ac0ba0}</UniqueIdentifier>
    </Filter>
    <Filter Include="Core\Size">
      <UniqueIdentifier>{308f0ac2-e6db-4bfd-8dce-81fefda460da}</UniqueIdentifier>
    </Filter>
    <Filter Include="System">
      <UniqueIdentifier>{17b18f7b-59ea-467c-9c3d-a402582a260a}</UniqueIdentifier>
    </Filter>
    <Filter Include="System\Device">
      <UniqueIdentifier>{c7aa11d0-42cc-4893-89ba-a9be4853d06b}</UniqueIdentifier>
    </Filter>
    <Filter Include="System\Mouse">
      <UniqueIdentifier>{8e3f718e-cc7f-45a6-960d-3cd18ed49ef4}</UniqueIdentifier>
    </Filter>
    <Filter Include="System\Window">
      <UniqueIdentifier>{17534d00-bac8-43a6-8199-325150c8805c}</UniqueIdentifier>
    </Filter>
    <Filter Include="System\Keyboard">
      <UniqueIdentifier>{b2360bee-bc4c-47c9-beac-f545d53b1d3e}</UniqueIdentifier>
    </Filter>
    <Filter Include="GameMain">
      <UniqueIdentifier>{0085b627-649d-4c72-80fd-184cd722000c}</UniqueIdentifier>
    </Filter>
    <Filter Include="Render">
      <UniqueIdentifier>{6136b7d3-d7e2-439c-bc09-0caacf251727}</UniqueIdentifier>
    </Filter>
    <Filter Include="Render\Texture">
      <UniqueIdentifier>{2c856da5-dd60-4485-aa39-fa2e1fbccef0}</UniqueIdentifier>
    </Filter>
    <Filter Include="Camera">
      <UniqueIdentifier>{7c9c7fa3-a067-4992-983d-29774318f3ed}</UniqueIdentifier>
    </Filter>
    <Filter Include="Render\Animator">
      <UniqueIdentifier>{472111a5-bde1-456b-bc1d-106b2e422fda}</UniqueIdentifier>
    </Filter>
    <Filter Include="System\Frames">
      <UniqueIdentifier>{7246178d-5255-4ca3-b3d4-c0ad3ad38bb2}</UniqueIdentifier>
    </Filter>
    <Filter Include="System\Xml">
      <UniqueIdentifier>{8b169f27-3a22-4b55-a063-8abc855ed202}</UniqueIdentifier>
    </Filter>
    <Filter Include="Utility">
      <UniqueIdentifier>{ed727155-3aa0-41a0-a111-00812ac3f9b3}</UniqueIdentifier>
    </Filter>
    <Filter Include="GameMain\Object">
      <UniqueIdentifier>{c8bc2527-6694-4ef7-9bfd-3a7335b8a1a7}</UniqueIdentifier>
    </Filter>
    <Filter Include="GameMain\Object\Player">
      <UniqueIdentifier>{9d235924-e76c-4d54-aa7b-ad8359128420}</UniqueIdentifier>
    </Filter>
    <Filter Include="GameMain\Object\Monster">
      <UniqueIdentifier>{eb5d2bb9-7ea0-4708-89b8-f7c75ffc7900}</UniqueIdentifier>
    </Filter>
    <Filter Include="GameMain\Object\Monster\Gumba">
      <UniqueIdentifier>{e9d6c45b-52e6-4554-892e-a25a98b2666f}</UniqueIdentifier>
    </Filter>
    <Filter Include="GameMain\CollisionManager">
      <UniqueIdentifier>{9111bb0a-257a-4a8d-8e41-54b281acfcc1}</UniqueIdentifier>
    </Filter>
    <Filter Include="GameMain\GameManager">
      <UniqueIdentifier>{3ef9edc1-f88b-4f5e-a321-f45406a3da8f}</UniqueIdentifier>
    </Filter>
    <Filter Include="GameMain\Object\Player\FireBall">
      <UniqueIdentifier>{004d33f1-6c43-4fb3-adde-e6d0b2406f4c}</UniqueIdentifier>
    </Filter>
    <Filter Include="GameMain\Object\Item">
      <UniqueIdentifier>{4d54285a-87d3-4ec0-85bd-af4eda0677d1}</UniqueIdentifier>
    </Filter>
    <Filter Include="GameMain\Object\Item\Coin">
      <UniqueIdentifier>{dcd8bed2-a709-4da9-b01b-94c1e7d7ea60}</UniqueIdentifier>
    </Filter>
    <Filter Include="GameMain\Object\Item\MushRoom">
      <UniqueIdentifier>{cdad63e6-88c3-4f67-9542-10024f52bc0e}</UniqueIdentifier>
    </Filter>
    <Filter Include="GameMain\Object\Item\Flower">
      <UniqueIdentifier>{9d19e1d1-df75-4a57-8045-2518786b1776}</UniqueIdentifier>
    </Filter>
    <Filter Include="GameMain\Object\Monster\Turtle">
      <UniqueIdentifier>{5059b0de-6f87-446a-b9d3-8571c00c7dc0}</UniqueIdentifier>
    </Filter>
  </ItemGroup>
  <ItemGroup>
    <ClInclude Include="stdafx.h">
      <Filter>헤더 파일</Filter>
    </ClInclude>
    <ClInclude Include="targetver.h">
      <Filter>헤더 파일</Filter>
    </ClInclude>
    <ClInclude Include="Math.h">
      <Filter>Core\Math</Filter>
    </ClInclude>
    <ClInclude Include="Size.h">
      <Filter>Core\Size</Filter>
    </ClInclude>
    <ClInclude Include="Rect.h">
      <Filter>Core\Rect</Filter>
    </ClInclude>
    <ClInclude Include="Point.h">
      <Filter>Core\Point</Filter>
    </ClInclude>
    <ClInclude Include="Device.h">
      <Filter>System\Device</Filter>
    </ClInclude>
    <ClInclude Include="Mouse.h">
      <Filter>System\Mouse</Filter>
    </ClInclude>
    <ClInclude Include="Window.h">
      <Filter>System\Window</Filter>
    </ClInclude>
    <ClInclude Include="Keyboard.h">
      <Filter>System\Keyboard</Filter>
    </ClInclude>
    <ClInclude Include="GameMain.h">
      <Filter>GameMain</Filter>
    </ClInclude>
    <ClInclude Include="Texture.h">
      <Filter>Render\Texture</Filter>
    </ClInclude>
    <ClInclude Include="Camera.h">
      <Filter>Camera</Filter>
    </ClInclude>
    <ClInclude Include="Animator.h">
      <Filter>Render\Animator</Filter>
    </ClInclude>
    <ClInclude Include="Frames.h">
      <Filter>System\Frames</Filter>
    </ClInclude>
    <ClInclude Include="Xml.h">
      <Filter>System\Xml</Filter>
    </ClInclude>
    <ClInclude Include="FreeView.h">
      <Filter>Camera</Filter>
    </ClInclude>
    <ClInclude Include="FollowView.h">
      <Filter>Camera</Filter>
    </ClInclude>
    <ClInclude Include="Factory.h">
      <Filter>Camera</Filter>
    </ClInclude>
    <ClInclude Include="MainCamera.h">
      <Filter>Camera</Filter>
    </ClInclude>
    <ClInclude Include="World.h">
      <Filter>Utility</Filter>
    </ClInclude>
    <ClInclude Include="Object.h">
      <Filter>GameMain\Object</Filter>
    </ClInclude>
    <ClInclude Include="Player.h">
      <Filter>GameMain\Object\Player</Filter>
    </ClInclude>
    <ClInclude Include="SRT.h">
      <Filter>Utility</Filter>
    </ClInclude>
    <ClInclude Include="Gumba.h">
      <Filter>GameMain\Object\Monster\Gumba</Filter>
    </ClInclude>
    <ClInclude Include="CollisionManager.h">
      <Filter>GameMain\CollisionManager</Filter>
    </ClInclude>
    <ClInclude Include="GameManager.h">
      <Filter>GameMain\GameManager</Filter>
    </ClInclude>
    <ClInclude Include="MobManager.h">
      <Filter>GameMain\Object\Monster</Filter>
    </ClInclude>
    <ClInclude Include="Coin.h">
      <Filter>GameMain\Object\Item\Coin</Filter>
    </ClInclude>
    <ClInclude Include="ItemManager.h">
      <Filter>GameMain\Object\Item</Filter>
    </ClInclude>
    <ClInclude Include="MushRoom.h">
      <Filter>GameMain\Object\Item\MushRoom</Filter>
    </ClInclude>
    <ClInclude Include="Flower.h">
      <Filter>GameMain\Object\Item\Flower</Filter>
    </ClInclude>
    <ClInclude Include="FireBall.h">
      <Filter>GameMain\Object\Player\FireBall</Filter>
    </ClInclude>
    <ClInclude Include="FireManager.h">
      <Filter>GameMain\Object\Player\FireBall</Filter>
    </ClInclude>
    <ClInclude Include="Turtle.h">
      <Filter>GameMain\Object\Monster\Turtle</Filter>
    </ClInclude>
  </ItemGroup>
  <ItemGroup>
    <ClCompile Include="stdafx.cpp">
      <Filter>소스 파일</Filter>
    </ClCompile>
    <ClCompile Include="Math.cpp">
      <Filter>Core\Math</Filter>
    </ClCompile>
    <ClCompile Include="Size.cpp">
      <Filter>Core\Size</Filter>
    </ClCompile>
    <ClCompile Include="Rect.cpp">
      <Filter>Core\Rect</Filter>
    </ClCompile>
    <ClCompile Include="Point.cpp">
      <Filter>Core\Point</Filter>
    </ClCompile>
    <ClCompile Include="Device.cpp">
      <Filter>System\Device</Filter>
    </ClCompile>
    <ClCompile Include="Mouse.cpp">
      <Filter>System\Mouse</Filter>
    </ClCompile>
    <ClCompile Include="Window.cpp">
      <Filter>System\Window</Filter>
    </ClCompile>
    <ClCompile Include="Keyboard.cpp">
      <Filter>System\Keyboard</Filter>
    </ClCompile>
    <ClCompile Include="GameMain.cpp">
      <Filter>GameMain</Filter>
    </ClCompile>
    <ClCompile Include="Texture.cpp">
      <Filter>Render\Texture</Filter>
    </ClCompile>
    <ClCompile Include="Camera.cpp">
      <Filter>Camera</Filter>
    </ClCompile>
    <ClCompile Include="Animator.cpp">
      <Filter>Render\Animator</Filter>
    </ClCompile>
    <ClCompile Include="Frames.cpp">
      <Filter>System\Frames</Filter>
    </ClCompile>
    <ClCompile Include="Xml.cpp">
      <Filter>System\Xml</Filter>
    </ClCompile>
    <ClCompile Include="MainCamera.cpp">
      <Filter>Camera</Filter>
    </ClCompile>
    <ClCompile Include="FreeView.cpp">
      <Filter>Camera</Filter>
    </ClCompile>
    <ClCompile Include="FollowView.cpp">
      <Filter>Camera</Filter>
    </ClCompile>
    <ClCompile Include="Object.cpp">
      <Filter>GameMain\Object</Filter>
    </ClCompile>
    <ClCompile Include="Player.cpp">
      <Filter>GameMain\Object\Player</Filter>
    </ClCompile>
    <ClCompile Include="SRT.cpp">
      <Filter>Utility</Filter>
    </ClCompile>
    <ClCompile Include="Gumba.cpp">
      <Filter>GameMain\Object\Monster\Gumba</Filter>
    </ClCompile>
    <ClCompile Include="ColisionManager.cpp">
      <Filter>GameMain\CollisionManager</Filter>
    </ClCompile>
    <ClCompile Include="GameManager.cpp">
      <Filter>GameMain\GameManager</Filter>
    </ClCompile>
    <ClCompile Include="MobManager.cpp">
      <Filter>GameMain\Object\Monster</Filter>
    </ClCompile>
    <ClCompile Include="Coin.cpp">
      <Filter>GameMain\Object\Item\Coin</Filter>
    </ClCompile>
    <ClCompile Include="MushRoom.cpp">
      <Filter>GameMain\Object\Item\MushRoom</Filter>
    </ClCompile>
    <ClCompile Include="ItemManager.cpp">
      <Filter>GameMain\Object\Item</Filter>
    </ClCompile>
    <ClCompile Include="Flower.cpp">
      <Filter>GameMain\Object\Item\Flower</Filter>
    </ClCompile>
    <ClCompile Include="FireBall.cpp">
      <Filter>GameMain\Object\Player\FireBall</Filter>
    </ClCompile>
    <ClCompile Include="FireManager.cpp">
      <Filter>소스 파일</Filter>
    </ClCompile>
  </ItemGroup>
  <ItemGroup>
    <Image Include="Image\test.jpg">
      <Filter>리소스 파일</Filter>
    </Image>
    <Image Include="Image\metalslug.png">
      <Filter>리소스 파일</Filter>
    </Image>
    <Image Include="Image\Mario.png">
      <Filter>리소스 파일</Filter>
    </Image>
  </ItemGroup>
  <ItemGroup>
    <Xml Include="Image\Metalslug.xml">
      <Filter>리소스 파일</Filter>
    </Xml>
    <Xml Include="Image\tigerboy.xml">
      <Filter>리소스 파일</Filter>
    </Xml>
    <Xml Include="Image\Gumba.xml">
      <Filter>리소스 파일</Filter>
    </Xml>
    <Xml Include="Image\CoinAni.xml">
      <Filter>리소스 파일</Filter>
    </Xml>
    <Xml Include="Image\Mario.xml">
      <Filter>리소스 파일</Filter>
    </Xml>
    <Xml Include="Image\Turtle.xml">
      <Filter>리소스 파일</Filter>
    </Xml>
  </ItemGroup>
</Project>